
Microsoft Visual Studio Solution File, Format Version 12.00
# Visual Studio Version 16
VisualStudioVersion = 16.0.31105.61
MinimumVisualStudioVersion = 10.0.40219.1
Project("{FAE04EC0-301F-11D3-BF4B-00C04F79EFBC}") = "appWork", "appWork.csproj", "{ECCC625F-C4B8-46C8-A5C5-AA9060202696}"
EndProject
Global
	GlobalSection(SolutionConfigurationPlatforms) = preSolution
		Debug|Any CPU = Debug|Any CPU
		Release|Any CPU = Release|Any CPU
	EndGlobalSection
	GlobalSection(ProjectConfigurationPlatforms) = postSolution
		{ECCC625F-C4B8-46C8-A5C5-AA9060202696}.Debug|Any CPU.ActiveCfg = Debug|Any CPU
		{ECCC625F-C4B8-46C8-A5C5-AA9060202696}.Debug|Any CPU.Build.0 = Debug|Any CPU
		{ECCC625F-C4B8-46C8-A5C5-AA9060202696}.Release|Any CPU.ActiveCfg = Release|Any CPU
		{ECCC625F-C4B8-46C8-A5C5-AA9060202696}.Release|Any CPU.Build.0 = Release|Any CPU
	EndGlobalSection
	GlobalSection(SolutionProperties) = preSolution
		HideSolutionNode = FALSE
	EndGlobalSection
	GlobalSection(ExtensibilityGlobals) = postSolution
		SolutionGuid = {AFB9EF54-5C3A-4D5A-A560-BDEBE3AB01FD}
	EndGlobalSection
EndGlobal
